github.com/zhangdapeng520/zdpgo_clearcode v0.1.0 h1:+kjJaK3q4cK4L72jFg/HZzMGPwyul8T3m8cIL0OFwyo=
github.com/zhangdapeng520/zdpgo_clearcode v0.1.0/go.mod h1:GwA5f03xPsqTeizxRGBCK56jXgPt4fAaLulYi6Jx48Y=
github.com/zhangdapeng520/zdpgo_file v1.0.9 h1:gusZLioeAJw54WsxwtyGgo68CRQbJmWiR2Az1ypTh1U=
github.com/zhangdapeng520/zdpgo_file v1.0.9/go.mod h1:hOQvYtMA1GQm5R/0cIK2vEwL4qybldZ+uEpd3n5NDsM=
github.com/zhangdapeng520/zdpgo_pool_goroutine v0.1.1 h1:CuwsEU8rxtjxMWAVM5recosuPgNgJ1J8t+V62c7Kqow=
github.com/zhangdapeng520/zdpgo_pool_goroutine v0.1.1/go.mod h1:3fMVFR6ZWouKXQ1C/hKD0Xmst/Ov6YFZFzaH1KW0scU=
github.com/zhangdapeng520/zdpgo_pygments v0.1.1 h1:yL6xXDhYeyC6TrGD0gpNZ+25cJcgbZqfM8u9G3tbZaE=
github.com/zhangdapeng520/zdpgo_pygments v0.1.1/go.mod h1:JAi7+d5AoITteSCd18OiJcBpFkQCeBuUzu1oj5IZDCo=
golang.org/x/text v0.3.7 h1:olpwvP2KacW1ZWvsR7uQhoyTYvKAupfQrRGBFM352Gk=
golang.org/x/text v0.3.7/go.mod h1:u+2+/6zg+i71rQMx5EYifcz6MCKuco9NR6JIITiCfzQ=
