github.com/zhangdapeng520/zdpgo_clearcode v0.1.5 h1:g5+QNkYEMTIAeSKTuyFgHbyIneZAX7cw9ZNhGhuXWuM=
github.com/zhangdapeng520/zdpgo_clearcode v0.1.5/go.mod h1:GwA5f03xPsqTeizxRGBCK56jXgPt4fAaLulYi6Jx48Y=
github.com/zhangdapeng520/zdpgo_es v0.1.2 h1:ge2ZkewNv2RgwxY6sOGPpth/ZBg5yA47B4htb2R/xNY=
github.com/zhangdapeng520/zdpgo_es v0.1.2/go.mod h1:VTPvcw+DwKUbNDfx1Sc+kSwmWBW0kS4EEMduJ4rv9ew=
github.com/zhangdapeng520/zdpgo_file v1.0.9 h1:gusZLioeAJw54WsxwtyGgo68CRQbJmWiR2Az1ypTh1U=
github.com/zhangdapeng520/zdpgo_file v1.0.9/go.mod h1:hOQvYtMA1GQm5R/0cIK2vEwL4qybldZ+uEpd3n5NDsM=
github.com/zhangdapeng520/zdpgo_lexers v0.1.1 h1:BAhvQdbyjoJ2b5n1t4lixMeHRPesPMwyF9G9YdWx7DU=
github.com/zhangdapeng520/zdpgo_lexers v0.1.1/go.mod h1:k65go1q40ma5U5gyiWIFLV1atsSoKKB09Xiz+RvBmzI=
github.com/zhangdapeng520/zdpgo_password v1.3.1 h1:kzlbk/XdcAlNLNtKLQA/hxbymTC9l829vZZiDui8uyU=
github.com/zhangdapeng520/zdpgo_password v1.3.1/go.mod h1:KcXzy1L5qiFv6xPFIODhZSyvjqIURHy3ePNI3priYyE=
github.com/zhangdapeng520/zdpgo_pool_goroutine v0.1.2 h1:Cm78ZGfBk2urYP2O6qP5VF8Hv4cqpZRxzpxpenWs15A=
github.com/zhangdapeng520/zdpgo_pool_goroutine v0.1.2/go.mod h1:3fMVFR6ZWouKXQ1C/hKD0Xmst/Ov6YFZFzaH1KW0scU=
github.com/zhangdapeng520/zdpgo_type v0.1.8 h1:Vgj3QHe21XKm1w7uNpHTsYij3ye8T5hnIkDtf5Y37R0=
github.com/zhangdapeng520/zdpgo_type v0.1.8/go.mod h1:B69GHyAm8j9nEe05nH3z3tt9T6/DKjlQ4ETzZXXIzxY=
github.com/zhangdapeng520/zdpgo_uuid v0.1.4 h1:C/Coq/kgRD9U5zmmiuBguGqLoFxtrGoK9w9mti1xBh4=
github.com/zhangdapeng520/zdpgo_uuid v0.1.4/go.mod h1:fOShzHJAxcKCKrvFn7r29qTcOouBgsLrPXMAqreelZ4=
golang.org/x/text v0.3.7 h1:olpwvP2KacW1ZWvsR7uQhoyTYvKAupfQrRGBFM352Gk=
golang.org/x/text v0.3.7/go.mod h1:u+2+/6zg+i71rQMx5EYifcz6MCKuco9NR6JIITiCfzQ=
